
Microsoft Visual Studio Solution File, Format Version 12.00
# Visual Studio 14
VisualStudioVersion = 14.0.25420.1
MinimumVisualStudioVersion = 10.0.40219.1
Project("{8BC9CEB8-8B4A-11D0-8D11-00A0C91BC942}") = "00_总记", "00_总记\00_总记.vcxproj", "{BD0298E3-4BD8-437A-ACC4-8175A1F71779}"
EndProject
Project("{8BC9CEB8-8B4A-11D0-8D11-00A0C91BC942}") = "03_避免容器里对象的拷贝_指针拷贝没有分割", "03_避免容器里对象的拷贝_指针拷贝没有分割\03_避免容器里对象的拷贝_指针拷贝没有分割.vcxproj", "{2A420C85-C951-4401-B929-45FD326CAA57}"
EndProject
Project("{8BC9CEB8-8B4A-11D0-8D11-00A0C91BC942}") = "05_区间成员函数代替单元素操作", "05_区间成员函数代替单元素操作\05_区间成员函数代替单元素操作.vcxproj", "{FE2C3C60-DDDC-4074-BBB1-AEEBD748C97B}"
EndProject
Project("{8BC9CEB8-8B4A-11D0-8D11-00A0C91BC942}") = "06_函数声明的不同方式", "06_函数声明的不同方式\06_函数声明的不同方式.vcxproj", "{F14D3D1A-8F27-44D0-98F9-F2AD584E0BFC}"
EndProject
Project("{8BC9CEB8-8B4A-11D0-8D11-00A0C91BC942}") = "07_foreach_delete", "07_foreach_delete\07_foreach_delete.vcxproj", "{B34F39FB-634D-45EF-8D14-FC4F95829D92}"
EndProject
Project("{8BC9CEB8-8B4A-11D0-8D11-00A0C91BC942}") = "09_不同容器的delete", "09_不同容器的delete\09_不同容器的delete.vcxproj", "{47B321B2-351B-4BA1-A983-58242F5F56FB}"
EndProject
Project("{8BC9CEB8-8B4A-11D0-8D11-00A0C91BC942}") = "10_01_vector传递给C风格的操作", "10_01_vector传递给C风格的操作\10_01_vector传递给C风格的操作.vcxproj", "{7BB4C2C1-DE2A-414A-B806-8D8718FDD03E}"
EndProject
Project("{8BC9CEB8-8B4A-11D0-8D11-00A0C91BC942}") = "17_01_vector的容量调整", "17_01_vector的容量调整\17_01_vector的容量调整.vcxproj", "{2BC3EF56-55E2-4C69-977C-5232A784E3CA}"
EndProject
Project("{8BC9CEB8-8B4A-11D0-8D11-00A0C91BC942}") = "18_01_bool的vector", "18_01_bool的vector\18_01_bool的vector.vcxproj", "{FA7708C4-65F8-4538-A1D9-15296F90AC8C}"
EndProject
Project("{8BC9CEB8-8B4A-11D0-8D11-00A0C91BC942}") = "20_01_指针的容器指定比较类型", "20_01_指针的容器指定比较类型\20_01_指针的容器指定比较类型.vcxproj", "{C76FCAB6-9AB4-4294-8C49-BC4B38DF3FC5}"
EndProject
Project("{8BC9CEB8-8B4A-11D0-8D11-00A0C91BC942}") = "21_01_指定比较为less_eual", "21_01_指定比较为less_eual\21_01_指定比较为less_eual.vcxproj", "{D0AF7DD8-4167-4EAF-BC41-C9CC00D09988}"
EndProject
Project("{8BC9CEB8-8B4A-11D0-8D11-00A0C91BC942}") = "22_01_避免修改set和multiset的键", "22_01_避免修改set和multiset的键\22_01_避免修改set和multiset的键.vcxproj", "{5E49C811-5DAE-4014-964C-A608A6193958}"
EndProject
Project("{8BC9CEB8-8B4A-11D0-8D11-00A0C91BC942}") = "25_01_实现一个按照插入顺序排序的set", "25_01_实现一个按照插入顺序排序的set\25_01_实现一个按照插入顺序排序的set.vcxproj", "{70E7F66F-5CDD-467E-BC6D-48A45340BD27}"
EndProject
Project("{8BC9CEB8-8B4A-11D0-8D11-00A0C91BC942}") = "26_01_const_ierator和iterator", "26_01_const_ierator和iterator\26_01_const_ierator和iterator.vcxproj", "{BB8DA550-C006-43CE-997A-52711C25B5B6}"
EndProject
Project("{8BC9CEB8-8B4A-11D0-8D11-00A0C91BC942}") = "28_01_reverse_iterator", "28_01_reverse_iterator\28_01_reverse_iterator.vcxproj", "{0AA12197-77C8-4E6E-8E01-7040AF02EEEC}"
EndProject
Project("{8BC9CEB8-8B4A-11D0-8D11-00A0C91BC942}") = "30_01_back_inserter", "30_01_back_inserter\30_01_back_inserter.vcxproj", "{A9640030-D0E6-4D08-9EF6-7DA5F221DC6F}"
EndProject
Project("{8BC9CEB8-8B4A-11D0-8D11-00A0C91BC942}") = "31_各种sort", "31_各种sort\31_各种sort.vcxproj", "{7CF2DD91-2CE0-4C32-BE1B-959731F864DA}"
EndProject
Project("{8BC9CEB8-8B4A-11D0-8D11-00A0C91BC942}") = "32_01_accumulate的高级用法", "32_istream_iterator和accumulate\32_istream_iterator和accumulate.vcxproj", "{589E359F-B239-421C-901D-9E9F741CE800}"
EndProject
Project("{8BC9CEB8-8B4A-11D0-8D11-00A0C91BC942}") = "41_ptr_func和mem_fun", "41_ptr_func和mem_fun\41_ptr_func和mem_fun.vcxproj", "{0C909115-DA24-489C-8051-934B309A52B9}"
EndProject
Project("{8BC9CEB8-8B4A-11D0-8D11-00A0C91BC942}") = "45_01_各种搜索算法的区别", "45_01_各种搜索算法的区别\45_01_各种搜索算法的区别.vcxproj", "{551F4D8D-9076-4065-9910-8F0E45D7A993}"
EndProject
Project("{8BC9CEB8-8B4A-11D0-8D11-00A0C91BC942}") = "35_01_忽略大小写比较字符串", "35_01_忽略大小写比较字符串\35_01_忽略大小写比较字符串.vcxproj", "{C587D7D2-62DC-4FD7-A861-19D9AEB746C5}"
EndProject
Project("{8BC9CEB8-8B4A-11D0-8D11-00A0C91BC942}") = "12_01_STL容器线程安全", "12_01_STL容器线程安全\12_01_STL容器线程安全.vcxproj", "{C46F2647-1458-430C-A281-BB4854112CE0}"
EndProject
Project("{8BC9CEB8-8B4A-11D0-8D11-00A0C91BC942}") = "23_01_有序vector代替map", "23_01_有序vector代替map\23_01_有序vector代替map.vcxproj", "{12750CD1-C42F-4237-9CF2-EE23A641005E}"
EndProject
Global
	GlobalSection(SolutionConfigurationPlatforms) = preSolution
		Debug|x64 = Debug|x64
		Debug|x86 = Debug|x86
		Release|x64 = Release|x64
		Release|x86 = Release|x86
	EndGlobalSection
	GlobalSection(ProjectConfigurationPlatforms) = postSolution
		{BD0298E3-4BD8-437A-ACC4-8175A1F71779}.Debug|x64.ActiveCfg = Debug|x64
		{BD0298E3-4BD8-437A-ACC4-8175A1F71779}.Debug|x64.Build.0 = Debug|x64
		{BD0298E3-4BD8-437A-ACC4-8175A1F71779}.Debug|x86.ActiveCfg = Debug|Win32
		{BD0298E3-4BD8-437A-ACC4-8175A1F71779}.Debug|x86.Build.0 = Debug|Win32
		{BD0298E3-4BD8-437A-ACC4-8175A1F71779}.Release|x64.ActiveCfg = Release|x64
		{BD0298E3-4BD8-437A-ACC4-8175A1F71779}.Release|x64.Build.0 = Release|x64
		{BD0298E3-4BD8-437A-ACC4-8175A1F71779}.Release|x86.ActiveCfg = Release|Win32
		{BD0298E3-4BD8-437A-ACC4-8175A1F71779}.Release|x86.Build.0 = Release|Win32
		{2A420C85-C951-4401-B929-45FD326CAA57}.Debug|x64.ActiveCfg = Debug|x64
		{2A420C85-C951-4401-B929-45FD326CAA57}.Debug|x64.Build.0 = Debug|x64
		{2A420C85-C951-4401-B929-45FD326CAA57}.Debug|x86.ActiveCfg = Debug|Win32
		{2A420C85-C951-4401-B929-45FD326CAA57}.Debug|x86.Build.0 = Debug|Win32
		{2A420C85-C951-4401-B929-45FD326CAA57}.Release|x64.ActiveCfg = Release|x64
		{2A420C85-C951-4401-B929-45FD326CAA57}.Release|x64.Build.0 = Release|x64
		{2A420C85-C951-4401-B929-45FD326CAA57}.Release|x86.ActiveCfg = Release|Win32
		{2A420C85-C951-4401-B929-45FD326CAA57}.Release|x86.Build.0 = Release|Win32
		{FE2C3C60-DDDC-4074-BBB1-AEEBD748C97B}.Debug|x64.ActiveCfg = Debug|x64
		{FE2C3C60-DDDC-4074-BBB1-AEEBD748C97B}.Debug|x64.Build.0 = Debug|x64
		{FE2C3C60-DDDC-4074-BBB1-AEEBD748C97B}.Debug|x86.ActiveCfg = Debug|Win32
		{FE2C3C60-DDDC-4074-BBB1-AEEBD748C97B}.Debug|x86.Build.0 = Debug|Win32
		{FE2C3C60-DDDC-4074-BBB1-AEEBD748C97B}.Release|x64.ActiveCfg = Release|x64
		{FE2C3C60-DDDC-4074-BBB1-AEEBD748C97B}.Release|x64.Build.0 = Release|x64
		{FE2C3C60-DDDC-4074-BBB1-AEEBD748C97B}.Release|x86.ActiveCfg = Release|Win32
		{FE2C3C60-DDDC-4074-BBB1-AEEBD748C97B}.Release|x86.Build.0 = Release|Win32
		{F14D3D1A-8F27-44D0-98F9-F2AD584E0BFC}.Debug|x64.ActiveCfg = Debug|x64
		{F14D3D1A-8F27-44D0-98F9-F2AD584E0BFC}.Debug|x64.Build.0 = Debug|x64
		{F14D3D1A-8F27-44D0-98F9-F2AD584E0BFC}.Debug|x86.ActiveCfg = Debug|Win32
		{F14D3D1A-8F27-44D0-98F9-F2AD584E0BFC}.Debug|x86.Build.0 = Debug|Win32
		{F14D3D1A-8F27-44D0-98F9-F2AD584E0BFC}.Release|x64.ActiveCfg = Release|x64
		{F14D3D1A-8F27-44D0-98F9-F2AD584E0BFC}.Release|x64.Build.0 = Release|x64
		{F14D3D1A-8F27-44D0-98F9-F2AD584E0BFC}.Release|x86.ActiveCfg = Release|Win32
		{F14D3D1A-8F27-44D0-98F9-F2AD584E0BFC}.Release|x86.Build.0 = Release|Win32
		{B34F39FB-634D-45EF-8D14-FC4F95829D92}.Debug|x64.ActiveCfg = Debug|x64
		{B34F39FB-634D-45EF-8D14-FC4F95829D92}.Debug|x64.Build.0 = Debug|x64
		{B34F39FB-634D-45EF-8D14-FC4F95829D92}.Debug|x86.ActiveCfg = Debug|Win32
		{B34F39FB-634D-45EF-8D14-FC4F95829D92}.Debug|x86.Build.0 = Debug|Win32
		{B34F39FB-634D-45EF-8D14-FC4F95829D92}.Release|x64.ActiveCfg = Release|x64
		{B34F39FB-634D-45EF-8D14-FC4F95829D92}.Release|x64.Build.0 = Release|x64
		{B34F39FB-634D-45EF-8D14-FC4F95829D92}.Release|x86.ActiveCfg = Release|Win32
		{B34F39FB-634D-45EF-8D14-FC4F95829D92}.Release|x86.Build.0 = Release|Win32
		{47B321B2-351B-4BA1-A983-58242F5F56FB}.Debug|x64.ActiveCfg = Debug|x64
		{47B321B2-351B-4BA1-A983-58242F5F56FB}.Debug|x64.Build.0 = Debug|x64
		{47B321B2-351B-4BA1-A983-58242F5F56FB}.Debug|x86.ActiveCfg = Debug|Win32
		{47B321B2-351B-4BA1-A983-58242F5F56FB}.Debug|x86.Build.0 = Debug|Win32
		{47B321B2-351B-4BA1-A983-58242F5F56FB}.Release|x64.ActiveCfg = Release|x64
		{47B321B2-351B-4BA1-A983-58242F5F56FB}.Release|x64.Build.0 = Release|x64
		{47B321B2-351B-4BA1-A983-58242F5F56FB}.Release|x86.ActiveCfg = Release|Win32
		{47B321B2-351B-4BA1-A983-58242F5F56FB}.Release|x86.Build.0 = Release|Win32
		{7BB4C2C1-DE2A-414A-B806-8D8718FDD03E}.Debug|x64.ActiveCfg = Debug|x64
		{7BB4C2C1-DE2A-414A-B806-8D8718FDD03E}.Debug|x64.Build.0 = Debug|x64
		{7BB4C2C1-DE2A-414A-B806-8D8718FDD03E}.Debug|x86.ActiveCfg = Debug|Win32
		{7BB4C2C1-DE2A-414A-B806-8D8718FDD03E}.Debug|x86.Build.0 = Debug|Win32
		{7BB4C2C1-DE2A-414A-B806-8D8718FDD03E}.Release|x64.ActiveCfg = Release|x64
		{7BB4C2C1-DE2A-414A-B806-8D8718FDD03E}.Release|x64.Build.0 = Release|x64
		{7BB4C2C1-DE2A-414A-B806-8D8718FDD03E}.Release|x86.ActiveCfg = Release|Win32
		{7BB4C2C1-DE2A-414A-B806-8D8718FDD03E}.Release|x86.Build.0 = Release|Win32
		{2BC3EF56-55E2-4C69-977C-5232A784E3CA}.Debug|x64.ActiveCfg = Debug|x64
		{2BC3EF56-55E2-4C69-977C-5232A784E3CA}.Debug|x64.Build.0 = Debug|x64
		{2BC3EF56-55E2-4C69-977C-5232A784E3CA}.Debug|x86.ActiveCfg = Debug|Win32
		{2BC3EF56-55E2-4C69-977C-5232A784E3CA}.Debug|x86.Build.0 = Debug|Win32
		{2BC3EF56-55E2-4C69-977C-5232A784E3CA}.Release|x64.ActiveCfg = Release|x64
		{2BC3EF56-55E2-4C69-977C-5232A784E3CA}.Release|x64.Build.0 = Release|x64
		{2BC3EF56-55E2-4C69-977C-5232A784E3CA}.Release|x86.ActiveCfg = Release|Win32
		{2BC3EF56-55E2-4C69-977C-5232A784E3CA}.Release|x86.Build.0 = Release|Win32
		{FA7708C4-65F8-4538-A1D9-15296F90AC8C}.Debug|x64.ActiveCfg = Debug|x64
		{FA7708C4-65F8-4538-A1D9-15296F90AC8C}.Debug|x64.Build.0 = Debug|x64
		{FA7708C4-65F8-4538-A1D9-15296F90AC8C}.Debug|x86.ActiveCfg = Debug|Win32
		{FA7708C4-65F8-4538-A1D9-15296F90AC8C}.Debug|x86.Build.0 = Debug|Win32
		{FA7708C4-65F8-4538-A1D9-15296F90AC8C}.Release|x64.ActiveCfg = Release|x64
		{FA7708C4-65F8-4538-A1D9-15296F90AC8C}.Release|x64.Build.0 = Release|x64
		{FA7708C4-65F8-4538-A1D9-15296F90AC8C}.Release|x86.ActiveCfg = Release|Win32
		{FA7708C4-65F8-4538-A1D9-15296F90AC8C}.Release|x86.Build.0 = Release|Win32
		{C76FCAB6-9AB4-4294-8C49-BC4B38DF3FC5}.Debug|x64.ActiveCfg = Debug|x64
		{C76FCAB6-9AB4-4294-8C49-BC4B38DF3FC5}.Debug|x64.Build.0 = Debug|x64
		{C76FCAB6-9AB4-4294-8C49-BC4B38DF3FC5}.Debug|x86.ActiveCfg = Debug|Win32
		{C76FCAB6-9AB4-4294-8C49-BC4B38DF3FC5}.Debug|x86.Build.0 = Debug|Win32
		{C76FCAB6-9AB4-4294-8C49-BC4B38DF3FC5}.Release|x64.ActiveCfg = Release|x64
		{C76FCAB6-9AB4-4294-8C49-BC4B38DF3FC5}.Release|x64.Build.0 = Release|x64
		{C76FCAB6-9AB4-4294-8C49-BC4B38DF3FC5}.Release|x86.ActiveCfg = Release|Win32
		{C76FCAB6-9AB4-4294-8C49-BC4B38DF3FC5}.Release|x86.Build.0 = Release|Win32
		{D0AF7DD8-4167-4EAF-BC41-C9CC00D09988}.Debug|x64.ActiveCfg = Debug|x64
		{D0AF7DD8-4167-4EAF-BC41-C9CC00D09988}.Debug|x64.Build.0 = Debug|x64
		{D0AF7DD8-4167-4EAF-BC41-C9CC00D09988}.Debug|x86.ActiveCfg = Debug|Win32
		{D0AF7DD8-4167-4EAF-BC41-C9CC00D09988}.Debug|x86.Build.0 = Debug|Win32
		{D0AF7DD8-4167-4EAF-BC41-C9CC00D09988}.Release|x64.ActiveCfg = Release|x64
		{D0AF7DD8-4167-4EAF-BC41-C9CC00D09988}.Release|x64.Build.0 = Release|x64
		{D0AF7DD8-4167-4EAF-BC41-C9CC00D09988}.Release|x86.ActiveCfg = Release|Win32
		{D0AF7DD8-4167-4EAF-BC41-C9CC00D09988}.Release|x86.Build.0 = Release|Win32
		{5E49C811-5DAE-4014-964C-A608A6193958}.Debug|x64.ActiveCfg = Debug|x64
		{5E49C811-5DAE-4014-964C-A608A6193958}.Debug|x64.Build.0 = Debug|x64
		{5E49C811-5DAE-4014-964C-A608A6193958}.Debug|x86.ActiveCfg = Debug|Win32
		{5E49C811-5DAE-4014-964C-A608A6193958}.Debug|x86.Build.0 = Debug|Win32
		{5E49C811-5DAE-4014-964C-A608A6193958}.Release|x64.ActiveCfg = Release|x64
		{5E49C811-5DAE-4014-964C-A608A6193958}.Release|x64.Build.0 = Release|x64
		{5E49C811-5DAE-4014-964C-A608A6193958}.Release|x86.ActiveCfg = Release|Win32
		{5E49C811-5DAE-4014-964C-A608A6193958}.Release|x86.Build.0 = Release|Win32
		{70E7F66F-5CDD-467E-BC6D-48A45340BD27}.Debug|x64.ActiveCfg = Debug|x64
		{70E7F66F-5CDD-467E-BC6D-48A45340BD27}.Debug|x64.Build.0 = Debug|x64
		{70E7F66F-5CDD-467E-BC6D-48A45340BD27}.Debug|x86.ActiveCfg = Debug|Win32
		{70E7F66F-5CDD-467E-BC6D-48A45340BD27}.Debug|x86.Build.0 = Debug|Win32
		{70E7F66F-5CDD-467E-BC6D-48A45340BD27}.Release|x64.ActiveCfg = Release|x64
		{70E7F66F-5CDD-467E-BC6D-48A45340BD27}.Release|x64.Build.0 = Release|x64
		{70E7F66F-5CDD-467E-BC6D-48A45340BD27}.Release|x86.ActiveCfg = Release|Win32
		{70E7F66F-5CDD-467E-BC6D-48A45340BD27}.Release|x86.Build.0 = Release|Win32
		{BB8DA550-C006-43CE-997A-52711C25B5B6}.Debug|x64.ActiveCfg = Debug|x64
		{BB8DA550-C006-43CE-997A-52711C25B5B6}.Debug|x64.Build.0 = Debug|x64
		{BB8DA550-C006-43CE-997A-52711C25B5B6}.Debug|x86.ActiveCfg = Debug|Win32
		{BB8DA550-C006-43CE-997A-52711C25B5B6}.Debug|x86.Build.0 = Debug|Win32
		{BB8DA550-C006-43CE-997A-52711C25B5B6}.Release|x64.ActiveCfg = Release|x64
		{BB8DA550-C006-43CE-997A-52711C25B5B6}.Release|x64.Build.0 = Release|x64
		{BB8DA550-C006-43CE-997A-52711C25B5B6}.Release|x86.ActiveCfg = Release|Win32
		{BB8DA550-C006-43CE-997A-52711C25B5B6}.Release|x86.Build.0 = Release|Win32
		{0AA12197-77C8-4E6E-8E01-7040AF02EEEC}.Debug|x64.ActiveCfg = Debug|x64
		{0AA12197-77C8-4E6E-8E01-7040AF02EEEC}.Debug|x64.Build.0 = Debug|x64
		{0AA12197-77C8-4E6E-8E01-7040AF02EEEC}.Debug|x86.ActiveCfg = Debug|Win32
		{0AA12197-77C8-4E6E-8E01-7040AF02EEEC}.Debug|x86.Build.0 = Debug|Win32
		{0AA12197-77C8-4E6E-8E01-7040AF02EEEC}.Release|x64.ActiveCfg = Release|x64
		{0AA12197-77C8-4E6E-8E01-7040AF02EEEC}.Release|x64.Build.0 = Release|x64
		{0AA12197-77C8-4E6E-8E01-7040AF02EEEC}.Release|x86.ActiveCfg = Release|Win32
		{0AA12197-77C8-4E6E-8E01-7040AF02EEEC}.Release|x86.Build.0 = Release|Win32
		{A9640030-D0E6-4D08-9EF6-7DA5F221DC6F}.Debug|x64.ActiveCfg = Debug|x64
		{A9640030-D0E6-4D08-9EF6-7DA5F221DC6F}.Debug|x64.Build.0 = Debug|x64
		{A9640030-D0E6-4D08-9EF6-7DA5F221DC6F}.Debug|x86.ActiveCfg = Debug|Win32
		{A9640030-D0E6-4D08-9EF6-7DA5F221DC6F}.Debug|x86.Build.0 = Debug|Win32
		{A9640030-D0E6-4D08-9EF6-7DA5F221DC6F}.Release|x64.ActiveCfg = Release|x64
		{A9640030-D0E6-4D08-9EF6-7DA5F221DC6F}.Release|x64.Build.0 = Release|x64
		{A9640030-D0E6-4D08-9EF6-7DA5F221DC6F}.Release|x86.ActiveCfg = Release|Win32
		{A9640030-D0E6-4D08-9EF6-7DA5F221DC6F}.Release|x86.Build.0 = Release|Win32
		{7CF2DD91-2CE0-4C32-BE1B-959731F864DA}.Debug|x64.ActiveCfg = Debug|x64
		{7CF2DD91-2CE0-4C32-BE1B-959731F864DA}.Debug|x64.Build.0 = Debug|x64
		{7CF2DD91-2CE0-4C32-BE1B-959731F864DA}.Debug|x86.ActiveCfg = Debug|Win32
		{7CF2DD91-2CE0-4C32-BE1B-959731F864DA}.Debug|x86.Build.0 = Debug|Win32
		{7CF2DD91-2CE0-4C32-BE1B-959731F864DA}.Release|x64.ActiveCfg = Release|x64
		{7CF2DD91-2CE0-4C32-BE1B-959731F864DA}.Release|x64.Build.0 = Release|x64
		{7CF2DD91-2CE0-4C32-BE1B-959731F864DA}.Release|x86.ActiveCfg = Release|Win32
		{7CF2DD91-2CE0-4C32-BE1B-959731F864DA}.Release|x86.Build.0 = Release|Win32
		{589E359F-B239-421C-901D-9E9F741CE800}.Debug|x64.ActiveCfg = Debug|x64
		{589E359F-B239-421C-901D-9E9F741CE800}.Debug|x64.Build.0 = Debug|x64
		{589E359F-B239-421C-901D-9E9F741CE800}.Debug|x86.ActiveCfg = Debug|Win32
		{589E359F-B239-421C-901D-9E9F741CE800}.Debug|x86.Build.0 = Debug|Win32
		{589E359F-B239-421C-901D-9E9F741CE800}.Release|x64.ActiveCfg = Release|x64
		{589E359F-B239-421C-901D-9E9F741CE800}.Release|x64.Build.0 = Release|x64
		{589E359F-B239-421C-901D-9E9F741CE800}.Release|x86.ActiveCfg = Release|Win32
		{589E359F-B239-421C-901D-9E9F741CE800}.Release|x86.Build.0 = Release|Win32
		{0C909115-DA24-489C-8051-934B309A52B9}.Debug|x64.ActiveCfg = Debug|x64
		{0C909115-DA24-489C-8051-934B309A52B9}.Debug|x64.Build.0 = Debug|x64
		{0C909115-DA24-489C-8051-934B309A52B9}.Debug|x86.ActiveCfg = Debug|Win32
		{0C909115-DA24-489C-8051-934B309A52B9}.Debug|x86.Build.0 = Debug|Win32
		{0C909115-DA24-489C-8051-934B309A52B9}.Release|x64.ActiveCfg = Release|x64
		{0C909115-DA24-489C-8051-934B309A52B9}.Release|x64.Build.0 = Release|x64
		{0C909115-DA24-489C-8051-934B309A52B9}.Release|x86.ActiveCfg = Release|Win32
		{0C909115-DA24-489C-8051-934B309A52B9}.Release|x86.Build.0 = Release|Win32
		{551F4D8D-9076-4065-9910-8F0E45D7A993}.Debug|x64.ActiveCfg = Debug|x64
		{551F4D8D-9076-4065-9910-8F0E45D7A993}.Debug|x64.Build.0 = Debug|x64
		{551F4D8D-9076-4065-9910-8F0E45D7A993}.Debug|x86.ActiveCfg = Debug|Win32
		{551F4D8D-9076-4065-9910-8F0E45D7A993}.Debug|x86.Build.0 = Debug|Win32
		{551F4D8D-9076-4065-9910-8F0E45D7A993}.Release|x64.ActiveCfg = Release|x64
		{551F4D8D-9076-4065-9910-8F0E45D7A993}.Release|x64.Build.0 = Release|x64
		{551F4D8D-9076-4065-9910-8F0E45D7A993}.Release|x86.ActiveCfg = Release|Win32
		{551F4D8D-9076-4065-9910-8F0E45D7A993}.Release|x86.Build.0 = Release|Win32
		{C587D7D2-62DC-4FD7-A861-19D9AEB746C5}.Debug|x64.ActiveCfg = Debug|x64
		{C587D7D2-62DC-4FD7-A861-19D9AEB746C5}.Debug|x64.Build.0 = Debug|x64
		{C587D7D2-62DC-4FD7-A861-19D9AEB746C5}.Debug|x86.ActiveCfg = Debug|Win32
		{C587D7D2-62DC-4FD7-A861-19D9AEB746C5}.Debug|x86.Build.0 = Debug|Win32
		{C587D7D2-62DC-4FD7-A861-19D9AEB746C5}.Release|x64.ActiveCfg = Release|x64
		{C587D7D2-62DC-4FD7-A861-19D9AEB746C5}.Release|x64.Build.0 = Release|x64
		{C587D7D2-62DC-4FD7-A861-19D9AEB746C5}.Release|x86.ActiveCfg = Release|Win32
		{C587D7D2-62DC-4FD7-A861-19D9AEB746C5}.Release|x86.Build.0 = Release|Win32
		{C46F2647-1458-430C-A281-BB4854112CE0}.Debug|x64.ActiveCfg = Debug|x64
		{C46F2647-1458-430C-A281-BB4854112CE0}.Debug|x64.Build.0 = Debug|x64
		{C46F2647-1458-430C-A281-BB4854112CE0}.Debug|x86.ActiveCfg = Debug|Win32
		{C46F2647-1458-430C-A281-BB4854112CE0}.Debug|x86.Build.0 = Debug|Win32
		{C46F2647-1458-430C-A281-BB4854112CE0}.Release|x64.ActiveCfg = Release|x64
		{C46F2647-1458-430C-A281-BB4854112CE0}.Release|x64.Build.0 = Release|x64
		{C46F2647-1458-430C-A281-BB4854112CE0}.Release|x86.ActiveCfg = Release|Win32
		{C46F2647-1458-430C-A281-BB4854112CE0}.Release|x86.Build.0 = Release|Win32
		{12750CD1-C42F-4237-9CF2-EE23A641005E}.Debug|x64.ActiveCfg = Debug|x64
		{12750CD1-C42F-4237-9CF2-EE23A641005E}.Debug|x64.Build.0 = Debug|x64
		{12750CD1-C42F-4237-9CF2-EE23A641005E}.Debug|x86.ActiveCfg = Debug|Win32
		{12750CD1-C42F-4237-9CF2-EE23A641005E}.Debug|x86.Build.0 = Debug|Win32
		{12750CD1-C42F-4237-9CF2-EE23A641005E}.Release|x64.ActiveCfg = Release|x64
		{12750CD1-C42F-4237-9CF2-EE23A641005E}.Release|x64.Build.0 = Release|x64
		{12750CD1-C42F-4237-9CF2-EE23A641005E}.Release|x86.ActiveCfg = Release|Win32
		{12750CD1-C42F-4237-9CF2-EE23A641005E}.Release|x86.Build.0 = Release|Win32
	EndGlobalSection
	GlobalSection(SolutionProperties) = preSolution
		HideSolutionNode = FALSE
	EndGlobalSection
EndGlobal
